PODS:
  - APDAdColonyAdapter (2.7.3.1-Beta):
    - Appodeal (= 2.7.3-Beta)
  - APDAmazonAdsAdapter (2.7.3.1-Beta):
    - Appodeal (= 2.7.3-Beta)
  - APDAppLovinAdapter (2.7.3.1-Beta):
    - Appodeal (= 2.7.3-Beta)
  - APDAppodealAdExchangeAdapter (2.7.3.1-Beta):
    - Appodeal (= 2.7.3-Beta)
  - APDChartboostAdapter (2.7.3.1-Beta):
    - Appodeal (= 2.7.3-Beta)
  - APDFacebookAudienceAdapter (2.7.3.1-Beta):
    - Appodeal (= 2.7.3-Beta)
    - FBSDKCoreKit/Basics (>= 5.6)
  - APDGoogleAdMobAdapter (2.7.3.1-Beta):
    - Appodeal (= 2.7.3-Beta)
    - Google-Mobile-Ads-SDK (~> 7.64.0)
  - APDInMobiAdapter (2.7.3.1-Beta):
    - Appodeal (= 2.7.3-Beta)
  - APDInnerActiveAdapter (2.7.3.1-Beta):
    - Appodeal (= 2.7.3-Beta)
  - APDIronSourceAdapter (2.7.3.1-Beta):
    - Appodeal (= 2.7.3-Beta)
  - APDMintegralAdapter (2.7.3.1-Beta):
    - Appodeal (= 2.7.3-Beta)
  - APDMyTargetAdapter (2.7.3.1-Beta):
    - Appodeal (= 2.7.3-Beta)
  - APDOguryAdapter (2.7.3.1-Beta):
    - Appodeal (= 2.7.3-Beta)
  - APDOpenXAdapter (2.7.3.1-Beta):
    - Appodeal (= 2.7.3-Beta)
  - APDPubnativeAdapter (2.7.3.1-Beta):
    - Appodeal (= 2.7.3-Beta)
  - APDSmaatoAdapter (2.7.3.1-Beta):
    - Appodeal (= 2.7.3-Beta)
  - APDStartAppAdapter (2.7.3.1-Beta):
    - Appodeal (= 2.7.3-Beta)
  - APDTapjoyAdapter (2.7.3.1-Beta):
    - Appodeal (= 2.7.3-Beta)
  - APDUnityAdapter (2.7.3.1-Beta):
    - Appodeal (= 2.7.3-Beta)
  - APDVungleAdapter (2.7.3.1-Beta):
    - Appodeal (= 2.7.3-Beta)
  - APDYandexAdapter (2.7.3.1-Beta):
    - Appodeal (= 2.7.3-Beta)
    - YandexMobileMetrica (< 4.0.0, >= 3.2.0)
  - Appodeal (2.7.3-Beta)
  - boost-for-react-native (1.63.0)
  - DoubleConversion (1.1.6)
  - FBLazyVector (0.62.2)
  - FBReactNativeSpec (0.62.2):
    - Folly (= 2018.10.22.00)
    - RCTRequired (= 0.62.2)
    - RCTTypeSafety (= 0.62.2)
    - React-Core (= 0.62.2)
    - React-jsi (= 0.62.2)
    - ReactCommon/turbomodule/core (= 0.62.2)
  - FBSDKCoreKit/Basics (7.1.1)
  - Folly (2018.10.22.00):
    - boost-for-react-native
    - DoubleConversion
    - Folly/Default (= 2018.10.22.00)
    - glog
  - Folly/Default (2018.10.22.00):
    - boost-for-react-native
    - DoubleConversion
    - glog
  - glog (0.3.5)
  - Google-Mobile-Ads-SDK (7.64.0):
    - GoogleAppMeasurement (~> 6.0)
    - GoogleUserMessagingPlatform (~> 1.1)
  - GoogleAppMeasurement (6.7.2):
    - GoogleUtilities/AppDelegateSwizzler (~> 6.7)
    - GoogleUtilities/MethodSwizzler (~> 6.7)
    - GoogleUtilities/Network (~> 6.7)
    - "GoogleUtilities/NSData+zlib (~> 6.7)"
    - nanopb (~> 1.30905.0)
  - GoogleUserMessagingPlatform (1.1.0)
  - GoogleUtilities/AppDelegateSwizzler (6.7.2):
    - GoogleUtilities/Environment
    - GoogleUtilities/Logger
    - GoogleUtilities/Network
  - GoogleUtilities/Environment (6.7.2):
    - PromisesObjC (~> 1.2)
  - GoogleUtilities/Logger (6.7.2):
    - GoogleUtilities/Environment
  - GoogleUtilities/MethodSwizzler (6.7.2):
    - GoogleUtilities/Logger
  - GoogleUtilities/Network (6.7.2):
    - GoogleUtilities/Logger
    - "GoogleUtilities/NSData+zlib"
    - GoogleUtilities/Reachability
  - "GoogleUtilities/NSData+zlib (6.7.2)"
  - GoogleUtilities/Reachability (6.7.2):
    - GoogleUtilities/Logger
  - nanopb (1.30905.0):
    - nanopb/decode (= 1.30905.0)
    - nanopb/encode (= 1.30905.0)
  - nanopb/decode (1.30905.0)
  - nanopb/encode (1.30905.0)
  - PromisesObjC (1.2.10)
  - RCTRequired (0.62.2)
  - RCTTypeSafety (0.62.2):
    - FBLazyVector (= 0.62.2)
    - Folly (= 2018.10.22.00)
    - RCTRequired (= 0.62.2)
    - React-Core (= 0.62.2)
  - React (0.62.2):
    - React-Core (= 0.62.2)
    - React-Core/DevSupport (= 0.62.2)
    - React-Core/RCTWebSocket (= 0.62.2)
    - React-RCTActionSheet (= 0.62.2)
    - React-RCTAnimation (= 0.62.2)
    - React-RCTBlob (= 0.62.2)
    - React-RCTImage (= 0.62.2)
    - React-RCTLinking (= 0.62.2)
    - React-RCTNetwork (= 0.62.2)
    - React-RCTSettings (= 0.62.2)
    - React-RCTText (= 0.62.2)
    - React-RCTVibration (= 0.62.2)
  - React-Core (0.62.2):
    - Folly (= 2018.10.22.00)
    - glog
    - React-Core/Default (= 0.62.2)
    - React-cxxreact (= 0.62.2)
    - React-jsi (= 0.62.2)
    - React-jsiexecutor (= 0.62.2)
    - Yoga
  - React-Core/CoreModulesHeaders (0.62.2):
    - Folly (= 2018.10.22.00)
    - glog
    - React-Core/Default
    - React-cxxreact (= 0.62.2)
    - React-jsi (= 0.62.2)
    - React-jsiexecutor (= 0.62.2)
    - Yoga
  - React-Core/Default (0.62.2):
    - Folly (= 2018.10.22.00)
    - glog
    - React-cxxreact (= 0.62.2)
    - React-jsi (= 0.62.2)
    - React-jsiexecutor (= 0.62.2)
    - Yoga
  - React-Core/DevSupport (0.62.2):
    - Folly (= 2018.10.22.00)
    - glog
    - React-Core/Default (= 0.62.2)
    - React-Core/RCTWebSocket (= 0.62.2)
    - React-cxxreact (= 0.62.2)
    - React-jsi (= 0.62.2)
    - React-jsiexecutor (= 0.62.2)
    - React-jsinspector (= 0.62.2)
    - Yoga
  - React-Core/RCTActionSheetHeaders (0.62.2):
    - Folly (= 2018.10.22.00)
    - glog
    - React-Core/Default
    - React-cxxreact (= 0.62.2)
    - React-jsi (= 0.62.2)
    - React-jsiexecutor (= 0.62.2)
    - Yoga
  - React-Core/RCTAnimationHeaders (0.62.2):
    - Folly (= 2018.10.22.00)
    - glog
    - React-Core/Default
    - React-cxxreact (= 0.62.2)
    - React-jsi (= 0.62.2)
    - React-jsiexecutor (= 0.62.2)
    - Yoga
  - React-Core/RCTBlobHeaders (0.62.2):
    - Folly (= 2018.10.22.00)
    - glog
    - React-Core/Default
    - React-cxxreact (= 0.62.2)
    - React-jsi (= 0.62.2)
    - React-jsiexecutor (= 0.62.2)
    - Yoga
  - React-Core/RCTImageHeaders (0.62.2):
    - Folly (= 2018.10.22.00)
    - glog
    - React-Core/Default
    - React-cxxreact (= 0.62.2)
    - React-jsi (= 0.62.2)
    - React-jsiexecutor (= 0.62.2)
    - Yoga
  - React-Core/RCTLinkingHeaders (0.62.2):
    - Folly (= 2018.10.22.00)
    - glog
    - React-Core/Default
    - React-cxxreact (= 0.62.2)
    - React-jsi (= 0.62.2)
    - React-jsiexecutor (= 0.62.2)
    - Yoga
  - React-Core/RCTNetworkHeaders (0.62.2):
    - Folly (= 2018.10.22.00)
    - glog
    - React-Core/Default
    - React-cxxreact (= 0.62.2)
    - React-jsi (= 0.62.2)
    - React-jsiexecutor (= 0.62.2)
    - Yoga
  - React-Core/RCTSettingsHeaders (0.62.2):
    - Folly (= 2018.10.22.00)
    - glog
    - React-Core/Default
    - React-cxxreact (= 0.62.2)
    - React-jsi (= 0.62.2)
    - React-jsiexecutor (= 0.62.2)
    - Yoga
  - React-Core/RCTTextHeaders (0.62.2):
    - Folly (= 2018.10.22.00)
    - glog
    - React-Core/Default
    - React-cxxreact (= 0.62.2)
    - React-jsi (= 0.62.2)
    - React-jsiexecutor (= 0.62.2)
    - Yoga
  - React-Core/RCTVibrationHeaders (0.62.2):
    - Folly (= 2018.10.22.00)
    - glog
    - React-Core/Default
    - React-cxxreact (= 0.62.2)
    - React-jsi (= 0.62.2)
    - React-jsiexecutor (= 0.62.2)
    - Yoga
  - React-Core/RCTWebSocket (0.62.2):
    - Folly (= 2018.10.22.00)
    - glog
    - React-Core/Default (= 0.62.2)
    - React-cxxreact (= 0.62.2)
    - React-jsi (= 0.62.2)
    - React-jsiexecutor (= 0.62.2)
    - Yoga
  - React-CoreModules (0.62.2):
    - FBReactNativeSpec (= 0.62.2)
    - Folly (= 2018.10.22.00)
    - RCTTypeSafety (= 0.62.2)
    - React-Core/CoreModulesHeaders (= 0.62.2)
    - React-RCTImage (= 0.62.2)
    - ReactCommon/turbomodule/core (= 0.62.2)
  - React-cxxreact (0.62.2):
    - boost-for-react-native (= 1.63.0)
    - DoubleConversion
    - Folly (= 2018.10.22.00)
    - glog
    - React-jsinspector (= 0.62.2)
  - React-jsi (0.62.2):
    - boost-for-react-native (= 1.63.0)
    - DoubleConversion
    - Folly (= 2018.10.22.00)
    - glog
    - React-jsi/Default (= 0.62.2)
  - React-jsi/Default (0.62.2):
    - boost-for-react-native (= 1.63.0)
    - DoubleConversion
    - Folly (= 2018.10.22.00)
    - glog
  - React-jsiexecutor (0.62.2):
    - DoubleConversion
    - Folly (= 2018.10.22.00)
    - glog
    - React-cxxreact (= 0.62.2)
    - React-jsi (= 0.62.2)
  - React-jsinspector (0.62.2)
  - react-native-segmented-control (1.6.1):
    - React
  - React-RCTActionSheet (0.62.2):
    - React-Core/RCTActionSheetHeaders (= 0.62.2)
  - React-RCTAnimation (0.62.2):
    - FBReactNativeSpec (= 0.62.2)
    - Folly (= 2018.10.22.00)
    - RCTTypeSafety (= 0.62.2)
    - React-Core/RCTAnimationHeaders (= 0.62.2)
    - ReactCommon/turbomodule/core (= 0.62.2)
  - React-RCTBlob (0.62.2):
    - FBReactNativeSpec (= 0.62.2)
    - Folly (= 2018.10.22.00)
    - React-Core/RCTBlobHeaders (= 0.62.2)
    - React-Core/RCTWebSocket (= 0.62.2)
    - React-jsi (= 0.62.2)
    - React-RCTNetwork (= 0.62.2)
    - ReactCommon/turbomodule/core (= 0.62.2)
  - React-RCTImage (0.62.2):
    - FBReactNativeSpec (= 0.62.2)
    - Folly (= 2018.10.22.00)
    - RCTTypeSafety (= 0.62.2)
    - React-Core/RCTImageHeaders (= 0.62.2)
    - React-RCTNetwork (= 0.62.2)
    - ReactCommon/turbomodule/core (= 0.62.2)
  - React-RCTLinking (0.62.2):
    - FBReactNativeSpec (= 0.62.2)
    - React-Core/RCTLinkingHeaders (= 0.62.2)
    - ReactCommon/turbomodule/core (= 0.62.2)
  - React-RCTNetwork (0.62.2):
    - FBReactNativeSpec (= 0.62.2)
    - Folly (= 2018.10.22.00)
    - RCTTypeSafety (= 0.62.2)
    - React-Core/RCTNetworkHeaders (= 0.62.2)
    - ReactCommon/turbomodule/core (= 0.62.2)
  - React-RCTSettings (0.62.2):
    - FBReactNativeSpec (= 0.62.2)
    - Folly (= 2018.10.22.00)
    - RCTTypeSafety (= 0.62.2)
    - React-Core/RCTSettingsHeaders (= 0.62.2)
    - ReactCommon/turbomodule/core (= 0.62.2)
  - React-RCTText (0.62.2):
    - React-Core/RCTTextHeaders (= 0.62.2)
  - React-RCTVibration (0.62.2):
    - FBReactNativeSpec (= 0.62.2)
    - Folly (= 2018.10.22.00)
    - React-Core/RCTVibrationHeaders (= 0.62.2)
    - ReactCommon/turbomodule/core (= 0.62.2)
  - ReactCommon/callinvoker (0.62.2):
    - DoubleConversion
    - Folly (= 2018.10.22.00)
    - glog
    - React-cxxreact (= 0.62.2)
  - ReactCommon/turbomodule/core (0.62.2):
    - DoubleConversion
    - Folly (= 2018.10.22.00)
    - glog
    - React-Core (= 0.62.2)
    - React-cxxreact (= 0.62.2)
    - React-jsi (= 0.62.2)
    - ReactCommon/callinvoker (= 0.62.2)
  - RNAppodeal (2.7.3):
    - Appodeal (= 2.7.3-Beta)
    - React
    - StackConsentManager (~> 1.0.1)
  - StackConsentManager (1.0.1)
  - YandexMobileMetrica (3.11.1):
    - YandexMobileMetrica/Static (= 3.11.1)
  - YandexMobileMetrica/Static (3.11.1):
    - YandexMobileMetrica/Static/Core (= 3.11.1)
    - YandexMobileMetrica/Static/Crashes (= 3.11.1)
  - YandexMobileMetrica/Static/Core (3.11.1)
  - YandexMobileMetrica/Static/Crashes (3.11.1):
    - YandexMobileMetrica/Static/Core
  - Yoga (1.14.0)

DEPENDENCIES:
  - APDAdColonyAdapter (= 2.7.3.1-Beta)
  - APDAmazonAdsAdapter (= 2.7.3.1-Beta)
  - APDAppLovinAdapter (= 2.7.3.1-Beta)
  - APDAppodealAdExchangeAdapter (= 2.7.3.1-Beta)
  - APDChartboostAdapter (= 2.7.3.1-Beta)
  - APDFacebookAudienceAdapter (= 2.7.3.1-Beta)
  - APDGoogleAdMobAdapter (= 2.7.3.1-Beta)
  - APDInMobiAdapter (= 2.7.3.1-Beta)
  - APDInnerActiveAdapter (= 2.7.3.1-Beta)
  - APDIronSourceAdapter (= 2.7.3.1-Beta)
  - APDMintegralAdapter (= 2.7.3.1-Beta)
  - APDMyTargetAdapter (= 2.7.3.1-Beta)
  - APDOguryAdapter (= 2.7.3.1-Beta)
  - APDOpenXAdapter (= 2.7.3.1-Beta)
  - APDPubnativeAdapter (= 2.7.3.1-Beta)
  - APDSmaatoAdapter (= 2.7.3.1-Beta)
  - APDStartAppAdapter (= 2.7.3.1-Beta)
  - APDTapjoyAdapter (= 2.7.3.1-Beta)
  - APDUnityAdapter (= 2.7.3.1-Beta)
  - APDVungleAdapter (= 2.7.3.1-Beta)
  - APDYandexAdapter (= 2.7.3.1-Beta)
  - DoubleConversion (from `../node_modules/react-native/third-party-podspecs/DoubleConversion.podspec`)
  - FBLazyVector (from `../node_modules/react-native/Libraries/FBLazyVector`)
  - FBReactNativeSpec (from `../node_modules/react-native/Libraries/FBReactNativeSpec`)
  - Folly (from `../node_modules/react-native/third-party-podspecs/Folly.podspec`)
  - glog (from `../node_modules/react-native/third-party-podspecs/glog.podspec`)
  - RCTRequired (from `../node_modules/react-native/Libraries/RCTRequired`)
  - RCTTypeSafety (from `../node_modules/react-native/Libraries/TypeSafety`)
  - React (from `../node_modules/react-native/`)
  - React-Core (from `../node_modules/react-native/`)
  - React-Core/DevSupport (from `../node_modules/react-native/`)
  - React-Core/RCTWebSocket (from `../node_modules/react-native/`)
  - React-CoreModules (from `../node_modules/react-native/React/CoreModules`)
  - React-cxxreact (from `../node_modules/react-native/ReactCommon/cxxreact`)
  - React-jsi (from `../node_modules/react-native/ReactCommon/jsi`)
  - React-jsiexecutor (from `../node_modules/react-native/ReactCommon/jsiexecutor`)
  - React-jsinspector (from `../node_modules/react-native/ReactCommon/jsinspector`)
  - "react-native-segmented-control (from `../node_modules/@react-native-community/segmented-control`)"
  - React-RCTActionSheet (from `../node_modules/react-native/Libraries/ActionSheetIOS`)
  - React-RCTAnimation (from `../node_modules/react-native/Libraries/NativeAnimation`)
  - React-RCTBlob (from `../node_modules/react-native/Libraries/Blob`)
  - React-RCTImage (from `../node_modules/react-native/Libraries/Image`)
  - React-RCTLinking (from `../node_modules/react-native/Libraries/LinkingIOS`)
  - React-RCTNetwork (from `../node_modules/react-native/Libraries/Network`)
  - React-RCTSettings (from `../node_modules/react-native/Libraries/Settings`)
  - React-RCTText (from `../node_modules/react-native/Libraries/Text`)
  - React-RCTVibration (from `../node_modules/react-native/Libraries/Vibration`)
  - ReactCommon/callinvoker (from `../node_modules/react-native/ReactCommon`)
  - ReactCommon/turbomodule/core (from `../node_modules/react-native/ReactCommon`)
  - RNAppodeal (from `../../RNAppodeal.podspec`)
  - Yoga (from `../node_modules/react-native/ReactCommon/yoga`)

SPEC REPOS:
  https://github.com/appodeal/CocoaPods.git:
    - APDAdColonyAdapter
    - APDAmazonAdsAdapter
    - APDAppLovinAdapter
    - APDAppodealAdExchangeAdapter
    - APDChartboostAdapter
    - APDFacebookAudienceAdapter
    - APDGoogleAdMobAdapter
    - APDInMobiAdapter
    - APDInnerActiveAdapter
    - APDIronSourceAdapter
    - APDMintegralAdapter
    - APDMyTargetAdapter
    - APDOguryAdapter
    - APDOpenXAdapter
    - APDPubnativeAdapter
    - APDSmaatoAdapter
    - APDStartAppAdapter
    - APDTapjoyAdapter
    - APDUnityAdapter
    - APDVungleAdapter
    - APDYandexAdapter
    - Appodeal
    - StackConsentManager
  https://github.com/CocoaPods/Specs.git:
    - boost-for-react-native
    - FBSDKCoreKit
    - Google-Mobile-Ads-SDK
    - GoogleAppMeasurement
    - GoogleUserMessagingPlatform
    - GoogleUtilities
    - nanopb
    - PromisesObjC
    - YandexMobileMetrica

EXTERNAL SOURCES:
  DoubleConversion:
    :podspec: "../node_modules/react-native/third-party-podspecs/DoubleConversion.podspec"
  FBLazyVector:
    :path: "../node_modules/react-native/Libraries/FBLazyVector"
  FBReactNativeSpec:
    :path: "../node_modules/react-native/Libraries/FBReactNativeSpec"
  Folly:
    :podspec: "../node_modules/react-native/third-party-podspecs/Folly.podspec"
  glog:
    :podspec: "../node_modules/react-native/third-party-podspecs/glog.podspec"
  RCTRequired:
    :path: "../node_modules/react-native/Libraries/RCTRequired"
  RCTTypeSafety:
    :path: "../node_modules/react-native/Libraries/TypeSafety"
  React:
    :path: "../node_modules/react-native/"
  React-Core:
    :path: "../node_modules/react-native/"
  React-CoreModules:
    :path: "../node_modules/react-native/React/CoreModules"
  React-cxxreact:
    :path: "../node_modules/react-native/ReactCommon/cxxreact"
  React-jsi:
    :path: "../node_modules/react-native/ReactCommon/jsi"
  React-jsiexecutor:
    :path: "../node_modules/react-native/ReactCommon/jsiexecutor"
  React-jsinspector:
    :path: "../node_modules/react-native/ReactCommon/jsinspector"
  react-native-segmented-control:
    :path: "../node_modules/@react-native-community/segmented-control"
  React-RCTActionSheet:
    :path: "../node_modules/react-native/Libraries/ActionSheetIOS"
  React-RCTAnimation:
    :path: "../node_modules/react-native/Libraries/NativeAnimation"
  React-RCTBlob:
    :path: "../node_modules/react-native/Libraries/Blob"
  React-RCTImage:
    :path: "../node_modules/react-native/Libraries/Image"
  React-RCTLinking:
    :path: "../node_modules/react-native/Libraries/LinkingIOS"
  React-RCTNetwork:
    :path: "../node_modules/react-native/Libraries/Network"
  React-RCTSettings:
    :path: "../node_modules/react-native/Libraries/Settings"
  React-RCTText:
    :path: "../node_modules/react-native/Libraries/Text"
  React-RCTVibration:
    :path: "../node_modules/react-native/Libraries/Vibration"
  ReactCommon:
    :path: "../node_modules/react-native/ReactCommon"
  RNAppodeal:
    :path: "../../RNAppodeal.podspec"
  Yoga:
    :path: "../node_modules/react-native/ReactCommon/yoga"

SPEC CHECKSUMS:
  APDAdColonyAdapter: a0537a863c04daab2956d12ee7407659c958b13d
  APDAmazonAdsAdapter: 7676dbabbf3d71ca8345e19acfefccf1247c2037
  APDAppLovinAdapter: 87a55ec6dcc957a0ed0aeea037dfb545be776b8b
  APDAppodealAdExchangeAdapter: c26366469976af21d74e0ad9f92ae9130bccd200
  APDChartboostAdapter: 51a0e3d447e9a2e7b329bd72b28a10608f4a6c89
  APDFacebookAudienceAdapter: 99aa9acc24206f82c5de11cf2641d3dff0495197
  APDGoogleAdMobAdapter: 5ffdbb08281ce861072276ccb40b39cec7501a13
  APDInMobiAdapter: 53245396eb0f2a0f272bb7d35134e26866769ca5
  APDInnerActiveAdapter: a2b0267a09cb35b15bee30e0ea4d2c7b0fe72d62
  APDIronSourceAdapter: d16cb55f0bacf73b6cb34ff25208684b4c37d369
  APDMintegralAdapter: 93aac7235a9b0d9c5368b7085e2afa4641fc7d6a
  APDMyTargetAdapter: dd2b15b40606c9c1130cf871a10162161471f342
  APDOguryAdapter: 08f6a5f08fab98a608332cc5e0eff9ad6c843115
  APDOpenXAdapter: 1ab8b8dca17fef4ca2bab09ca222831710c746d9
  APDPubnativeAdapter: ed370ee46a9c043d8308dda19b79c4c5adb3c56d
  APDSmaatoAdapter: e9df9b955ea3af19ab25bcbd0f31814a6a0080ee
  APDStartAppAdapter: 05bec4be218b3f5be095e50701191fcab5010b3a
  APDTapjoyAdapter: 4d51272bda05944a253c2e20da905f6aed91e126
  APDUnityAdapter: f251c259c08d2263d3c23f8752ac08e2bfdd7f67
  APDVungleAdapter: 636b7d41c858119725982be191d50c538d329887
  APDYandexAdapter: 9b63de810cceacd6ac7ea3ce53b49f07b5436717
  Appodeal: 6d48bf657b3dc8ea6f468c1e0535ea76f82239e6
  boost-for-react-native: 39c7adb57c4e60d6c5479dd8623128eb5b3f0f2c
  DoubleConversion: 5805e889d232975c086db112ece9ed034df7a0b2
  FBLazyVector: 4aab18c93cd9546e4bfed752b4084585eca8b245
  FBReactNativeSpec: 5465d51ccfeecb7faa12f9ae0024f2044ce4044e
  FBSDKCoreKit: b46507dc8b8cefed31d644e74d7cc30e2a715ef8
  Folly: 30e7936e1c45c08d884aa59369ed951a8e68cf51
  glog: 1f3da668190260b06b429bb211bfbee5cd790c28
  Google-Mobile-Ads-SDK: aec52559ce73ddf1e6478d1904dd71a741f1bc61
  GoogleAppMeasurement: 3def7652b1f5b5a576178dc332e2a36a260fbef6
  GoogleUserMessagingPlatform: 9dc714d2e1f0aa727b9cc52d266dc1b155f4c3f2
  GoogleUtilities: 7f2f5a07f888cdb145101d6042bc4422f57e70b3
  nanopb: c43f40fadfe79e8b8db116583945847910cbabc9
  PromisesObjC: b14b1c6b68e306650688599de8a45e49fae81151
  RCTRequired: cec6a34b3ac8a9915c37e7e4ad3aa74726ce4035
  RCTTypeSafety: 93006131180074cffa227a1075802c89a49dd4ce
  React: 29a8b1a02bd764fb7644ef04019270849b9a7ac3
  React-Core: b12bffb3f567fdf99510acb716ef1abd426e0e05
  React-CoreModules: 4a9b87bbe669d6c3173c0132c3328e3b000783d0
  React-cxxreact: e65f9c2ba0ac5be946f53548c1aaaee5873a8103
  React-jsi: b6dc94a6a12ff98e8877287a0b7620d365201161
  React-jsiexecutor: 1540d1c01bb493ae3124ed83351b1b6a155db7da
  React-jsinspector: 512e560d0e985d0e8c479a54a4e5c147a9c83493
  react-native-segmented-control: d7c444e5cc5f526da766f8ff24346898b7ac7be5
  React-RCTActionSheet: f41ea8a811aac770e0cc6e0ad6b270c644ea8b7c
  React-RCTAnimation: 49ab98b1c1ff4445148b72a3d61554138565bad0
  React-RCTBlob: a332773f0ebc413a0ce85942a55b064471587a71
  React-RCTImage: e70be9b9c74fe4e42d0005f42cace7981c994ac3
  React-RCTLinking: c1b9739a88d56ecbec23b7f63650e44672ab2ad2
  React-RCTNetwork: 73138b6f45e5a2768ad93f3d57873c2a18d14b44
  React-RCTSettings: 6e3738a87e21b39a8cb08d627e68c44acf1e325a
  React-RCTText: fae545b10cfdb3d247c36c56f61a94cfd6dba41d
  React-RCTVibration: 4356114dbcba4ce66991096e51a66e61eda51256
  ReactCommon: ed4e11d27609d571e7eee8b65548efc191116eb3
  RNAppodeal: 63c5d4485e13965b71310d12f5e7b5b4baab95e1
  StackConsentManager: 01f09961a8bc8c590ca54edd8d4631a456cae0b3
  YandexMobileMetrica: e985e1f77e405390a2d13f11741d86ff2f00c4ce
  Yoga: 3ebccbdd559724312790e7742142d062476b698e

PODFILE CHECKSUM: 1d885108f206ef6561e31a132f99a628a30269ba

COCOAPODS: 1.9.3
